
Microsoft Visual Studio Solution File, Format Version 12.00
# Visual Studio 15
VisualStudioVersion = 15.0.28010.2036
MinimumVisualStudioVersion = 10.0.40219.1
Project("{9A19103F-16F7-4668-BE54-9A1E7A4F7556}") = "ELearningAPI", "ELearningAPI\ELearningAPI.csproj", "{2379BE98-549D-44E7-A615-DC4ADD2A3CEF}"
EndProject
Project("{9A19103F-16F7-4668-BE54-9A1E7A4F7556}") = "ELearningClass.data", "ELearningClass.data\ELearningClass.data.csproj", "{C18CD87E-708C-45FD-8311-AABD7B198741}"
EndProject
Project("{9A19103F-16F7-4668-BE54-9A1E7A4F7556}") = "ELearningClass.domain", "ELearningClass.domain\ELearningClass.domain.csproj", "{F70E29A1-00AF-41FA-939F-6EBE99E43832}"
EndProject
Project("{FAE04EC0-301F-11D3-BF4B-00C04F79EFBC}") = "fdgbn", "fdgbn\fdgbn.csproj", "{EE23A3A2-9E68-418D-A9EB-56DC8AAB6122}"
EndProject
Global
	GlobalSection(SolutionConfigurationPlatforms) = preSolution
		Debug|Any CPU = Debug|Any CPU
		Release|Any CPU = Release|Any CPU
	EndGlobalSection
	GlobalSection(ProjectConfigurationPlatforms) = postSolution
		{2379BE98-549D-44E7-A615-DC4ADD2A3CEF}.Debug|Any CPU.ActiveCfg = Debug|Any CPU
		{2379BE98-549D-44E7-A615-DC4ADD2A3CEF}.Debug|Any CPU.Build.0 = Debug|Any CPU
		{2379BE98-549D-44E7-A615-DC4ADD2A3CEF}.Release|Any CPU.ActiveCfg = Release|Any CPU
		{2379BE98-549D-44E7-A615-DC4ADD2A3CEF}.Release|Any CPU.Build.0 = Release|Any CPU
		{C18CD87E-708C-45FD-8311-AABD7B198741}.Debug|Any CPU.ActiveCfg = Debug|Any CPU
		{C18CD87E-708C-45FD-8311-AABD7B198741}.Debug|Any CPU.Build.0 = Debug|Any CPU
		{C18CD87E-708C-45FD-8311-AABD7B198741}.Release|Any CPU.ActiveCfg = Release|Any CPU
		{C18CD87E-708C-45FD-8311-AABD7B198741}.Release|Any CPU.Build.0 = Release|Any CPU
		{F70E29A1-00AF-41FA-939F-6EBE99E43832}.Debug|Any CPU.ActiveCfg = Debug|Any CPU
		{F70E29A1-00AF-41FA-939F-6EBE99E43832}.Debug|Any CPU.Build.0 = Debug|Any CPU
		{F70E29A1-00AF-41FA-939F-6EBE99E43832}.Release|Any CPU.ActiveCfg = Release|Any CPU
		{F70E29A1-00AF-41FA-939F-6EBE99E43832}.Release|Any CPU.Build.0 = Release|Any CPU
		{EE23A3A2-9E68-418D-A9EB-56DC8AAB6122}.Debug|Any CPU.ActiveCfg = Debug|Any CPU
		{EE23A3A2-9E68-418D-A9EB-56DC8AAB6122}.Debug|Any CPU.Build.0 = Debug|Any CPU
		{EE23A3A2-9E68-418D-A9EB-56DC8AAB6122}.Release|Any CPU.ActiveCfg = Release|Any CPU
		{EE23A3A2-9E68-418D-A9EB-56DC8AAB6122}.Release|Any CPU.Build.0 = Release|Any CPU
	EndGlobalSection
	GlobalSection(SolutionProperties) = preSolution
		HideSolutionNode = FALSE
	EndGlobalSection
	GlobalSection(ExtensibilityGlobals) = postSolution
		SolutionGuid = {3E865097-E0BA-44EF-82F7-D3916AC59BE8}
	EndGlobalSection
EndGlobal
